
Microsoft Visual Studio Solution File, Format Version 12.00
# Visual Studio 15
VisualStudioVersion = 15.0.26730.0
MinimumVisualStudioVersion = 10.0.40219.1
Project("{9A19103F-16F7-4668-BE54-9A1E7A4F7556}") = "StoreyedMedia.Infrastructure", "StoreyedMedia.Infrastructure\StoreyedMedia.Infrastructure.csproj", "{A5376C9E-C91C-42E7-B02A-3C4386C4F7A7}"
EndProject
Project("{9A19103F-16F7-4668-BE54-9A1E7A4F7556}") = "StoreyedMedia.DAL", "StoreyedMedia.DAL\StoreyedMedia.DAL.csproj", "{6131B782-3ECB-48F0-A21E-62E2AE90476A}"
EndProject
Project("{9A19103F-16F7-4668-BE54-9A1E7A4F7556}") = "StoreyedMedia.Model", "StoreyedMedia.Model\StoreyedMedia.Model.csproj", "{B552DF5D-134F-4D8B-916B-F5A39806F8FC}"
EndProject
Project("{9A19103F-16F7-4668-BE54-9A1E7A4F7556}") = "StoreyedMedia.BAL", "StoreyedMedia.BAL\StoreyedMedia.BAL.csproj", "{F03AEC49-4490-4995-98C9-9CEF4C54B66F}"
EndProject
Project("{FAE04EC0-301F-11D3-BF4B-00C04F79EFBC}") = "StoreyedMedia.Web", "StoreyedMedia.Web\StoreyedMedia.Web.csproj", "{F1E02E19-17B8-4D05-A9A3-73AD6E84F4D1}"
EndProject
Global
	GlobalSection(SolutionConfigurationPlatforms) = preSolution
		Debug|Any CPU = Debug|Any CPU
		Release|Any CPU = Release|Any CPU
	EndGlobalSection
	GlobalSection(ProjectConfigurationPlatforms) = postSolution
		{A5376C9E-C91C-42E7-B02A-3C4386C4F7A7}.Debug|Any CPU.ActiveCfg = Debug|Any CPU
		{A5376C9E-C91C-42E7-B02A-3C4386C4F7A7}.Debug|Any CPU.Build.0 = Debug|Any CPU
		{A5376C9E-C91C-42E7-B02A-3C4386C4F7A7}.Release|Any CPU.ActiveCfg = Release|Any CPU
		{A5376C9E-C91C-42E7-B02A-3C4386C4F7A7}.Release|Any CPU.Build.0 = Release|Any CPU
		{6131B782-3ECB-48F0-A21E-62E2AE90476A}.Debug|Any CPU.ActiveCfg = Debug|Any CPU
		{6131B782-3ECB-48F0-A21E-62E2AE90476A}.Debug|Any CPU.Build.0 = Debug|Any CPU
		{6131B782-3ECB-48F0-A21E-62E2AE90476A}.Release|Any CPU.ActiveCfg = Release|Any CPU
		{6131B782-3ECB-48F0-A21E-62E2AE90476A}.Release|Any CPU.Build.0 = Release|Any CPU
		{B552DF5D-134F-4D8B-916B-F5A39806F8FC}.Debug|Any CPU.ActiveCfg = Debug|Any CPU
		{B552DF5D-134F-4D8B-916B-F5A39806F8FC}.Debug|Any CPU.Build.0 = Debug|Any CPU
		{B552DF5D-134F-4D8B-916B-F5A39806F8FC}.Release|Any CPU.ActiveCfg = Release|Any CPU
		{B552DF5D-134F-4D8B-916B-F5A39806F8FC}.Release|Any CPU.Build.0 = Release|Any CPU
		{F03AEC49-4490-4995-98C9-9CEF4C54B66F}.Debug|Any CPU.ActiveCfg = Debug|Any CPU
		{F03AEC49-4490-4995-98C9-9CEF4C54B66F}.Debug|Any CPU.Build.0 = Debug|Any CPU
		{F03AEC49-4490-4995-98C9-9CEF4C54B66F}.Release|Any CPU.ActiveCfg = Release|Any CPU
		{F03AEC49-4490-4995-98C9-9CEF4C54B66F}.Release|Any CPU.Build.0 = Release|Any CPU
		{F1E02E19-17B8-4D05-A9A3-73AD6E84F4D1}.Debug|Any CPU.ActiveCfg = Debug|Any CPU
		{F1E02E19-17B8-4D05-A9A3-73AD6E84F4D1}.Debug|Any CPU.Build.0 = Debug|Any CPU
		{F1E02E19-17B8-4D05-A9A3-73AD6E84F4D1}.Release|Any CPU.ActiveCfg = Release|Any CPU
		{F1E02E19-17B8-4D05-A9A3-73AD6E84F4D1}.Release|Any CPU.Build.0 = Release|Any CPU
	EndGlobalSection
	GlobalSection(SolutionProperties) = preSolution
		HideSolutionNode = FALSE
	EndGlobalSection
	GlobalSection(ExtensibilityGlobals) = postSolution
		SolutionGuid = {617A9794-DC9F-4DD0-BFA6-05216DE8EF4B}
	EndGlobalSection
EndGlobal
